
Microsoft Visual Studio Solution File, Format Version 12.00
# Visual Studio Version 16
VisualStudioVersion = 16.0.31005.135
MinimumVisualStudioVersion = 10.0.40219.1
Project("{FAE04EC0-301F-11D3-BF4B-00C04F79EFBC}") = "WebProjektX.Server", "WebProjektX\Server\WebProjektX.Server.csproj", "{9C753070-7ABF-442E-8368-58AFC22A496B}"
EndProject
Project("{FAE04EC0-301F-11D3-BF4B-00C04F79EFBC}") = "WebProjektX.Client", "WebProjektX\Client\WebProjektX.Client.csproj", "{742F1B7A-2328-447D-9BE4-017FD9D9B7EF}"
EndProject
Project("{FAE04EC0-301F-11D3-BF4B-00C04F79EFBC}") = "WebProjektX.Shared", "WebProjektX\Shared\WebProjektX.Shared.csproj", "{0E99063F-2E2B-4881-8EC2-0EE313B1C297}"
EndProject
Global
	GlobalSection(SolutionConfigurationPlatforms) = preSolution
		Debug|Any CPU = Debug|Any CPU
		Release|Any CPU = Release|Any CPU
	EndGlobalSection
	GlobalSection(ProjectConfigurationPlatforms) = postSolution
		{9C753070-7ABF-442E-8368-58AFC22A496B}.Debug|Any CPU.ActiveCfg = Debug|Any CPU
		{9C753070-7ABF-442E-8368-58AFC22A496B}.Debug|Any CPU.Build.0 = Debug|Any CPU
		{9C753070-7ABF-442E-8368-58AFC22A496B}.Release|Any CPU.ActiveCfg = Release|Any CPU
		{9C753070-7ABF-442E-8368-58AFC22A496B}.Release|Any CPU.Build.0 = Release|Any CPU
		{742F1B7A-2328-447D-9BE4-017FD9D9B7EF}.Debug|Any CPU.ActiveCfg = Debug|Any CPU
		{742F1B7A-2328-447D-9BE4-017FD9D9B7EF}.Debug|Any CPU.Build.0 = Debug|Any CPU
		{742F1B7A-2328-447D-9BE4-017FD9D9B7EF}.Release|Any CPU.ActiveCfg = Release|Any CPU
		{742F1B7A-2328-447D-9BE4-017FD9D9B7EF}.Release|Any CPU.Build.0 = Release|Any CPU
		{0E99063F-2E2B-4881-8EC2-0EE313B1C297}.Debug|Any CPU.ActiveCfg = Debug|Any CPU
		{0E99063F-2E2B-4881-8EC2-0EE313B1C297}.Debug|Any CPU.Build.0 = Debug|Any CPU
		{0E99063F-2E2B-4881-8EC2-0EE313B1C297}.Release|Any CPU.ActiveCfg = Release|Any CPU
		{0E99063F-2E2B-4881-8EC2-0EE313B1C297}.Release|Any CPU.Build.0 = Release|Any CPU
	EndGlobalSection
	GlobalSection(SolutionProperties) = preSolution
		HideSolutionNode = FALSE
	EndGlobalSection
	GlobalSection(ExtensibilityGlobals) = postSolution
		SolutionGuid = {21277FF9-E742-4FB8-9F5A-59643191E7D0}
	EndGlobalSection
EndGlobal
